
Microsoft Visual Studio Solution File, Format Version 12.00
# Visual Studio 2012
Project("{FAE04EC0-301F-11D3-BF4B-00C04F79EFBC}") = "1. WarMachines", "WarMachines\1. WarMachines.csproj", "{FC1794D6-6552-4D9E-94AE-C0151615EF7C}"
EndProject
Project("{FAE04EC0-301F-11D3-BF4B-00C04F79EFBC}") = "2. TradeAndTravel", "TradeAndTravel\2. TradeAndTravel.csproj", "{8FAC626D-E3B3-4546-B2DF-95FD230D4832}"
EndProject
Global
	GlobalSection(SolutionConfigurationPlatforms) = preSolution
		Debug|Any CPU = Debug|Any CPU
		Release|Any CPU = Release|Any CPU
	EndGlobalSection
	GlobalSection(ProjectConfigurationPlatforms) = postSolution
		{FC1794D6-6552-4D9E-94AE-C0151615EF7C}.Debug|Any CPU.ActiveCfg = Debug|Any CPU
		{FC1794D6-6552-4D9E-94AE-C0151615EF7C}.Debug|Any CPU.Build.0 = Debug|Any CPU
		{FC1794D6-6552-4D9E-94AE-C0151615EF7C}.Release|Any CPU.ActiveCfg = Release|Any CPU
		{FC1794D6-6552-4D9E-94AE-C0151615EF7C}.Release|Any CPU.Build.0 = Release|Any CPU
		{8FAC626D-E3B3-4546-B2DF-95FD230D4832}.Debug|Any CPU.ActiveCfg = Debug|Any CPU
		{8FAC626D-E3B3-4546-B2DF-95FD230D4832}.Debug|Any CPU.Build.0 = Debug|Any CPU
		{8FAC626D-E3B3-4546-B2DF-95FD230D4832}.Release|Any CPU.ActiveCfg = Release|Any CPU
		{8FAC626D-E3B3-4546-B2DF-95FD230D4832}.Release|Any CPU.Build.0 = Release|Any CPU
	EndGlobalSection
	GlobalSection(SolutionProperties) = preSolution
		HideSolutionNode = FALSE
	EndGlobalSection
EndGlobal
