
Microsoft Visual Studio Solution File, Format Version 12.00
# Visual Studio 2013
VisualStudioVersion = 12.0.40629.0
MinimumVisualStudioVersion = 10.0.40219.1
Project("{FAE04EC0-301F-11D3-BF4B-00C04F79EFBC}") = "Matrix", "Matrix\Matrix.csproj", "{34EDC5DC-CDAA-4E87-9F0B-94A4DA336333}"
EndProject
Project("{FAE04EC0-301F-11D3-BF4B-00C04F79EFBC}") = "Matrix.Tests", "Matrix.Tests\Matrix.Tests.csproj", "{998DB745-6762-4A45-B82D-B83621849706}"
EndProject
Global
	GlobalSection(SolutionConfigurationPlatforms) = preSolution
		Debug|Any CPU = Debug|Any CPU
		Debug|Mixed Platforms = Debug|Mixed Platforms
		Debug|x86 = Debug|x86
		Release|Any CPU = Release|Any CPU
		Release|Mixed Platforms = Release|Mixed Platforms
		Release|x86 = Release|x86
	EndGlobalSection
	GlobalSection(ProjectConfigurationPlatforms) = postSolution
		{34EDC5DC-CDAA-4E87-9F0B-94A4DA336333}.Debug|Any CPU.ActiveCfg = Debug|Any CPU
		{34EDC5DC-CDAA-4E87-9F0B-94A4DA336333}.Debug|Any CPU.Build.0 = Debug|Any CPU
		{34EDC5DC-CDAA-4E87-9F0B-94A4DA336333}.Debug|Mixed Platforms.ActiveCfg = Debug|Any CPU
		{34EDC5DC-CDAA-4E87-9F0B-94A4DA336333}.Debug|Mixed Platforms.Build.0 = Debug|Any CPU
		{34EDC5DC-CDAA-4E87-9F0B-94A4DA336333}.Debug|x86.ActiveCfg = Debug|Any CPU
		{34EDC5DC-CDAA-4E87-9F0B-94A4DA336333}.Release|Any CPU.ActiveCfg = Release|Any CPU
		{34EDC5DC-CDAA-4E87-9F0B-94A4DA336333}.Release|Any CPU.Build.0 = Release|Any CPU
		{34EDC5DC-CDAA-4E87-9F0B-94A4DA336333}.Release|Mixed Platforms.ActiveCfg = Release|Any CPU
		{34EDC5DC-CDAA-4E87-9F0B-94A4DA336333}.Release|Mixed Platforms.Build.0 = Release|Any CPU
		{34EDC5DC-CDAA-4E87-9F0B-94A4DA336333}.Release|x86.ActiveCfg = Release|Any CPU
		{998DB745-6762-4A45-B82D-B83621849706}.Debug|Any CPU.ActiveCfg = Debug|Any CPU
		{998DB745-6762-4A45-B82D-B83621849706}.Debug|Any CPU.Build.0 = Debug|Any CPU
		{998DB745-6762-4A45-B82D-B83621849706}.Debug|Mixed Platforms.ActiveCfg = Debug|Any CPU
		{998DB745-6762-4A45-B82D-B83621849706}.Debug|Mixed Platforms.Build.0 = Debug|Any CPU
		{998DB745-6762-4A45-B82D-B83621849706}.Debug|x86.ActiveCfg = Debug|Any CPU
		{998DB745-6762-4A45-B82D-B83621849706}.Release|Any CPU.ActiveCfg = Release|Any CPU
		{998DB745-6762-4A45-B82D-B83621849706}.Release|Any CPU.Build.0 = Release|Any CPU
		{998DB745-6762-4A45-B82D-B83621849706}.Release|Mixed Platforms.ActiveCfg = Release|Any CPU
		{998DB745-6762-4A45-B82D-B83621849706}.Release|Mixed Platforms.Build.0 = Release|Any CPU
		{998DB745-6762-4A45-B82D-B83621849706}.Release|x86.ActiveCfg = Release|Any CPU
	EndGlobalSection
	GlobalSection(SolutionProperties) = preSolution
		HideSolutionNode = FALSE
	EndGlobalSection
EndGlobal
