
Microsoft Visual Studio Solution File, Format Version 12.00
# Visual Studio 2013
VisualStudioVersion = 12.0.30723.0
MinimumVisualStudioVersion = 10.0.40219.1
Project("{FAE04EC0-301F-11D3-BF4B-00C04F79EFBC}") = "TestAcademyWebDriver.Tests", "TestAcademyWebDriver.Tests\TestAcademyWebDriver.Tests.csproj", "{C1EDB9C1-8B09-4B59-AAAB-74CD5D757FD7}"
EndProject
Project("{FAE04EC0-301F-11D3-BF4B-00C04F79EFBC}") = "TestAcademyWebDriver.Data", "TestAcademyWebDriver.Data\TestAcademyWebDriver.Data.csproj", "{A037E2FA-930C-4E8B-B7E6-0E9A106AC198}"
EndProject
Global
	GlobalSection(SolutionConfigurationPlatforms) = preSolution
		Debug|Any CPU = Debug|Any CPU
		Release|Any CPU = Release|Any CPU
	EndGlobalSection
	GlobalSection(ProjectConfigurationPlatforms) = postSolution
		{C1EDB9C1-8B09-4B59-AAAB-74CD5D757FD7}.Debug|Any CPU.ActiveCfg = Debug|Any CPU
		{C1EDB9C1-8B09-4B59-AAAB-74CD5D757FD7}.Debug|Any CPU.Build.0 = Debug|Any CPU
		{C1EDB9C1-8B09-4B59-AAAB-74CD5D757FD7}.Release|Any CPU.ActiveCfg = Release|Any CPU
		{C1EDB9C1-8B09-4B59-AAAB-74CD5D757FD7}.Release|Any CPU.Build.0 = Release|Any CPU
		{A037E2FA-930C-4E8B-B7E6-0E9A106AC198}.Debug|Any CPU.ActiveCfg = Debug|Any CPU
		{A037E2FA-930C-4E8B-B7E6-0E9A106AC198}.Debug|Any CPU.Build.0 = Debug|Any CPU
		{A037E2FA-930C-4E8B-B7E6-0E9A106AC198}.Release|Any CPU.ActiveCfg = Release|Any CPU
		{A037E2FA-930C-4E8B-B7E6-0E9A106AC198}.Release|Any CPU.Build.0 = Release|Any CPU
	EndGlobalSection
	GlobalSection(SolutionProperties) = preSolution
		HideSolutionNode = FALSE
	EndGlobalSection
EndGlobal
